// !$*UTF8*$!
{
	archiveVersion = 1;
	classes = {
	};
	objectVersion = 46;
	objects = {

/* Begin PBXBuildFile section */
		7127E16D1E55B7B500D55EB0 /* AppDelegate.swift in Sources */ = {isa = PBXBuildFile; fileRef = 7127E16C1E55B7B500D55EB0 /* AppDelegate.swift */; };
		7127E16F1E55B7B500D55EB0 /* ViewController.swift in Sources */ = {isa = PBXBuildFile; fileRef = 7127E16E1E55B7B500D55EB0 /* ViewController.swift */; };
		7127E1721E55B7B500D55EB0 /* Main.storyboard in Resources */ = {isa = PBXBuildFile; fileRef = 7127E1701E55B7B500D55EB0 /* Main.storyboard */; };
		7127E1741E55B7B500D55EB0 /* Assets.xcassets in Resources */ = {isa = PBXBuildFile; fileRef = 7127E1731E55B7B500D55EB0 /* Assets.xcassets */; };
		7127E1771E55B7B500D55EB0 /* LaunchScreen.storyboard in Resources */ = {isa = PBXBuildFile; fileRef = 7127E1751E55B7B500D55EB0 /* LaunchScreen.storyboard */; };
		7127E1821E55B7B600D55EB0 /* GeoFence_FrameWorkTests.swift in Sources */ = {isa = PBXBuildFile; fileRef = 7127E1811E55B7B600D55EB0 /* GeoFence_FrameWorkTests.swift */; };
		7127E18D1E55C1A200D55EB0 /* Extensions.swift in Sources */ = {isa = PBXBuildFile; fileRef = 7127E18C1E55C1A200D55EB0 /* Extensions.swift */; };
		7127E18F1E55C6A100D55EB0 /* Geotification.swift in Sources */ = {isa = PBXBuildFile; fileRef = 7127E18E1E55C6A100D55EB0 /* Geotification.swift */; };
		7127E1911E55C80900D55EB0 /* America.gpx in Resources */ = {isa = PBXBuildFile; fileRef = 7127E1901E55C80900D55EB0 /* America.gpx */; };
		7127E1931E55D74F00D55EB0 /* SetUpAnnotations.swift in Sources */ = {isa = PBXBuildFile; fileRef = 7127E1921E55D74F00D55EB0 /* SetUpAnnotations.swift */; };
		7127E1951E55EF5000D55EB0 /* SetupAnnotation.swift in Sources */ = {isa = PBXBuildFile; fileRef = 7127E1941E55EF5000D55EB0 /* SetupAnnotation.swift */; };
		712ACA001E5B5095002E9402 /* fakeData.swift in Sources */ = {isa = PBXBuildFile; fileRef = 712AC9FF1E5B5095002E9402 /* fakeData.swift */; };
/* End PBXBuildFile section */

/* Begin PBXContainerItemProxy section */
		7127E17E1E55B7B600D55EB0 /* PBXContainerItemProxy */ = {
			isa = PBXContainerItemProxy;
			containerPortal = 7127E1611E55B7B500D55EB0 /* Project object */;
			proxyType = 1;
			remoteGlobalIDString = 7127E1681E55B7B500D55EB0;
			remoteInfo = "GeoFence FrameWork";
		};
/* End PBXContainerItemProxy section */

/* Begin PBXFileReference section */
		7127E1691E55B7B500D55EB0 /* GeoFence FrameWork.app */ = {isa = PBXFileReference; explicitFileType = wrapper.application; includeInIndex = 0; path = "GeoFence FrameWork.app"; sourceTree = BUILT_PRODUCTS_DIR; };
		7127E16C1E55B7B500D55EB0 /* AppDelegate.swift */ = {isa = PBXFileReference; lastKnownFileType = sourcecode.swift; path = AppDelegate.swift; sourceTree = "<group>"; };
		7127E16E1E55B7B500D55EB0 /* ViewController.swift */ = {isa = PBXFileReference; lastKnownFileType = sourcecode.swift; path = ViewController.swift; sourceTree = "<group>"; };
		7127E1711E55B7B500D55EB0 /* Base */ = {isa = PBXFileReference; lastKnownFileType = file.storyboard; name = Base; path = Base.lproj/Main.storyboard; sourceTree = "<group>"; };
		7127E1731E55B7B500D55EB0 /* Assets.xcassets */ = {isa = PBXFileReference; lastKnownFileType = folder.assetcatalog; path = Assets.xcassets; sourceTree = "<group>"; };
		7127E1761E55B7B500D55EB0 /* Base */ = {isa = PBXFileReference; lastKnownFileType = file.storyboard; name = Base; path = Base.lproj/LaunchScreen.storyboard; sourceTree = "<group>"; };
		7127E1781E55B7B500D55EB0 /* Info.plist */ = {isa = PBXFileReference; lastKnownFileType = text.plist.xml; path = Info.plist; sourceTree = "<group>"; };
		7127E17D1E55B7B600D55EB0 /* GeoFence FrameWorkTests.xctest */ = {isa = PBXFileReference; explicitFileType = wrapper.cfbundle; includeInIndex = 0; path = "GeoFence FrameWorkTests.xctest"; sourceTree = BUILT_PRODUCTS_DIR; };
		7127E1811E55B7B600D55EB0 /* GeoFence_FrameWorkTests.swift */ = {isa = PBXFileReference; lastKnownFileType = sourcecode.swift; path = GeoFence_FrameWorkTests.swift; sourceTree = "<group>"; };
		7127E1831E55B7B600D55EB0 /* Info.plist */ = {isa = PBXFileReference; lastKnownFileType = text.plist.xml; path = Info.plist; sourceTree = "<group>"; };
		7127E18C1E55C1A200D55EB0 /* Extensions.swift */ = {isa = PBXFileReference; fileEncoding = 4; lastKnownFileType = sourcecode.swift; path = Extensions.swift; sourceTree = "<group>"; };
		7127E18E1E55C6A100D55EB0 /* Geotification.swift */ = {isa = PBXFileReference; fileEncoding = 4; lastKnownFileType = sourcecode.swift; path = Geotification.swift; sourceTree = "<group>"; };
		7127E1901E55C80900D55EB0 /* America.gpx */ = {isa = PBXFileReference; fileEncoding = 4; lastKnownFileType = text.xml; path = America.gpx; sourceTree = "<group>"; };
		7127E1921E55D74F00D55EB0 /* SetUpAnnotations.swift */ = {isa = PBXFileReference; fileEncoding = 4; lastKnownFileType = sourcecode.swift; path = SetUpAnnotations.swift; sourceTree = "<group>"; };
		7127E1941E55EF5000D55EB0 /* SetupAnnotation.swift */ = {isa = PBXFileReference; fileEncoding = 4; lastKnownFileType = sourcecode.swift; path = SetupAnnotation.swift; sourceTree = "<group>"; };
		712AC9FF1E5B5095002E9402 /* fakeData.swift */ = {isa = PBXFileReference; fileEncoding = 4; lastKnownFileType = sourcecode.swift; path = fakeData.swift; sourceTree = "<group>"; };
/* End PBXFileReference section */

/* Begin PBXFrameworksBuildPhase section */
		7127E1661E55B7B500D55EB0 /* Frameworks */ = {
			isa = PBXFrameworksBuildPhase;
			buildActionMask = 2147483647;
			files = (
			);
			runOnlyForDeploymentPostprocessing = 0;
		};
		7127E17A1E55B7B600D55EB0 /* Frameworks */ = {
			isa = PBXFrameworksBuildPhase;
			buildActionMask = 2147483647;
			files = (
			);
			runOnlyForDeploymentPostprocessing = 0;
		};
/* End PBXFrameworksBuildPhase section */

/* Begin PBXGroup section */
		7127E1601E55B7B500D55EB0 = {
			isa = PBXGroup;
			children = (
				7127E16B1E55B7B500D55EB0 /* GeoFence FrameWork */,
				7127E1801E55B7B600D55EB0 /* GeoFence FrameWorkTests */,
				7127E16A1E55B7B500D55EB0 /* Products */,
			);
			sourceTree = "<group>";
		};
		7127E16A1E55B7B500D55EB0 /* Products */ = {
			isa = PBXGroup;
			children = (
				7127E1691E55B7B500D55EB0 /* GeoFence FrameWork.app */,
				7127E17D1E55B7B600D55EB0 /* GeoFence FrameWorkTests.xctest */,
			);
			name = Products;
			sourceTree = "<group>";
		};
		7127E16B1E55B7B500D55EB0 /* GeoFence FrameWork */ = {
			isa = PBXGroup;
			children = (
				7127E16C1E55B7B500D55EB0 /* AppDelegate.swift */,
				7127E16E1E55B7B500D55EB0 /* ViewController.swift */,
				712AC9FF1E5B5095002E9402 /* fakeData.swift */,
				7127E1921E55D74F00D55EB0 /* SetUpAnnotations.swift */,
				7127E1941E55EF5000D55EB0 /* SetupAnnotation.swift */,
				7127E18E1E55C6A100D55EB0 /* Geotification.swift */,
				7127E1701E55B7B500D55EB0 /* Main.storyboard */,
				7127E18C1E55C1A200D55EB0 /* Extensions.swift */,
				7127E1731E55B7B500D55EB0 /* Assets.xcassets */,
				7127E1751E55B7B500D55EB0 /* LaunchScreen.storyboard */,
				7127E1901E55C80900D55EB0 /* America.gpx */,
				7127E1781E55B7B500D55EB0 /* Info.plist */,
			);
			path = "GeoFence FrameWork";
			sourceTree = "<group>";
		};
		7127E1801E55B7B600D55EB0 /* GeoFence FrameWorkTests */ = {
			isa = PBXGroup;
			children = (
				7127E1811E55B7B600D55EB0 /* GeoFence_FrameWorkTests.swift */,
				7127E1831E55B7B600D55EB0 /* Info.plist */,
			);
			path = "GeoFence FrameWorkTests";
			sourceTree = "<group>";
		};
/* End PBXGroup section */

/* Begin PBXNativeTarget section */
		7127E1681E55B7B500D55EB0 /* GeoFence FrameWork */ = {
			isa = PBXNativeTarget;
			buildConfigurationList = 7127E1861E55B7B600D55EB0 /* Build configuration list for PBXNativeTarget "GeoFence FrameWork" */;
			buildPhases = (
				7127E1651E55B7B500D55EB0 /* Sources */,
				7127E1661E55B7B500D55EB0 /* Frameworks */,
				7127E1671E55B7B500D55EB0 /* Resources */,
			);
			buildRules = (
			);
			dependencies = (
			);
			name = "GeoFence FrameWork";
			productName = "GeoFence FrameWork";
			productReference = 7127E1691E55B7B500D55EB0 /* GeoFence FrameWork.app */;
			productType = "com.apple.product-type.application";
		};
		7127E17C1E55B7B600D55EB0 /* GeoFence FrameWorkTests */ = {
			isa = PBXNativeTarget;
			buildConfigurationList = 7127E1891E55B7B600D55EB0 /* Build configuration list for PBXNativeTarget "GeoFence FrameWorkTests" */;
			buildPhases = (
				7127E1791E55B7B600D55EB0 /* Sources */,
				7127E17A1E55B7B600D55EB0 /* Frameworks */,
				7127E17B1E55B7B600D55EB0 /* Resources */,
			);
			buildRules = (
			);
			dependencies = (
				7127E17F1E55B7B600D55EB0 /* PBXTargetDependency */,
			);
			name = "GeoFence FrameWorkTests";
			productName = "GeoFence FrameWorkTests";
			productReference = 7127E17D1E55B7B600D55EB0 /* GeoFence FrameWorkTests.xctest */;
			productType = "com.apple.product-type.bundle.unit-test";
		};
/* End PBXNativeTarget section */

/* Begin PBXProject section */
		7127E1611E55B7B500D55EB0 /* Project object */ = {
			isa = PBXProject;
			attributes = {
				LastSwiftUpdateCheck = 0820;
				LastUpgradeCheck = 0820;
				ORGANIZATIONNAME = Killvak;
				TargetAttributes = {
					7127E1681E55B7B500D55EB0 = {
						CreatedOnToolsVersion = 8.2.1;
						DevelopmentTeam = YKSLKY2D83;
						ProvisioningStyle = Automatic;
					};
					7127E17C1E55B7B600D55EB0 = {
						CreatedOnToolsVersion = 8.2.1;
						ProvisioningStyle = Automatic;
						TestTargetID = 7127E1681E55B7B500D55EB0;
					};
				};
			};
			buildConfigurationList = 7127E1641E55B7B500D55EB0 /* Build configuration list for PBXProject "GeoFence FrameWork" */;
			compatibilityVersion = "Xcode 3.2";
			developmentRegion = English;
			hasScannedForEncodings = 0;
			knownRegions = (
				en,
				Base,
			);
			mainGroup = 7127E1601E55B7B500D55EB0;
			productRefGroup = 7127E16A1E55B7B500D55EB0 /* Products */;
			projectDirPath = "";
			projectRoot = "";
			targets = (
				7127E1681E55B7B500D55EB0 /* GeoFence FrameWork */,
				7127E17C1E55B7B600D55EB0 /* GeoFence FrameWorkTests */,
			);
		};
/* End PBXProject section */

/* Begin PBXResourcesBuildPhase section */
		7127E1671E55B7B500D55EB0 /* Resources */ = {
			isa = PBXResourcesBuildPhase;
			buildActionMask = 2147483647;
			files = (
				7127E1771E55B7B500D55EB0 /* LaunchScreen.storyboard in Resources */,
				7127E1741E55B7B500D55EB0 /* Assets.xcassets in Resources */,
				7127E1911E55C80900D55EB0 /* America.gpx in Resources */,
				7127E1721E55B7B500D55EB0 /* Main.storyboard in Resources */,
			);
			runOnlyForDeploymentPostprocessing = 0;
		};
		7127E17B1E55B7B600D55EB0 /* Resources */ = {
			isa = PBXResourcesBuildPhase;
			buildActionMask = 2147483647;
			files = (
			);
			runOnlyForDeploymentPostprocessing = 0;
		};
/* End PBXResourcesBuildPhase section */

/* Begin PBXSourcesBuildPhase section */
		7127E1651E55B7B500D55EB0 /* Sources */ = {
			isa = PBXSourcesBuildPhase;
			buildActionMask = 2147483647;
			files = (
				712ACA001E5B5095002E9402 /* fakeData.swift in Sources */,
				7127E1951E55EF5000D55EB0 /* SetupAnnotation.swift in Sources */,
				7127E16F1E55B7B500D55EB0 /* ViewController.swift in Sources */,
				7127E18D1E55C1A200D55EB0 /* Extensions.swift in Sources */,
				7127E18F1E55C6A100D55EB0 /* Geotification.swift in Sources */,
				7127E16D1E55B7B500D55EB0 /* AppDelegate.swift in Sources */,
				7127E1931E55D74F00D55EB0 /* SetUpAnnotations.swift in Sources */,
			);
			runOnlyForDeploymentPostprocessing = 0;
		};
		7127E1791E55B7B600D55EB0 /* Sources */ = {
			isa = PBXSourcesBuildPhase;
			buildActionMask = 2147483647;
			files = (
				7127E1821E55B7B600D55EB0 /* GeoFence_FrameWorkTests.swift in Sources */,
			);
			runOnlyForDeploymentPostprocessing = 0;
		};
/* End PBXSourcesBuildPhase section */

/* Begin PBXTargetDependency section */
		7127E17F1E55B7B600D55EB0 /* PBXTargetDependency */ = {
			isa = PBXTargetDependency;
			target = 7127E1681E55B7B500D55EB0 /* GeoFence FrameWork */;
			targetProxy = 7127E17E1E55B7B600D55EB0 /* PBXContainerItemProxy */;
		};
/* End PBXTargetDependency section */

/* Begin PBXVariantGroup section */
		7127E1701E55B7B500D55EB0 /* Main.storyboard */ = {
			isa = PBXVariantGroup;
			children = (
				7127E1711E55B7B500D55EB0 /* Base */,
			);
			name = Main.storyboard;
			sourceTree = "<group>";
		};
		7127E1751E55B7B500D55EB0 /* LaunchScreen.storyboard */ = {
			isa = PBXVariantGroup;
			children = (
				7127E1761E55B7B500D55EB0 /* Base */,
			);
			name = LaunchScreen.storyboard;
			sourceTree = "<group>";
		};
/* End PBXVariantGroup section */

/* Begin XCBuildConfiguration section */
		7127E1841E55B7B600D55EB0 /* Debug */ = {
			isa = XCBuildConfiguration;
			buildSettings = {
				ALWAYS_SEARCH_USER_PATHS = NO;
				CLANG_ANALYZER_NONNULL = YES;
				CLANG_CXX_LANGUAGE_STANDARD = "gnu++0x";
				CLANG_CXX_LIBRARY = "libc++";
				CLANG_ENABLE_MODULES = YES;
				CLANG_ENABLE_OBJC_ARC = YES;
				CLANG_WARN_BOOL_CONVERSION = YES;
				CLANG_WARN_CONSTANT_CONVERSION = YES;
				CLANG_WARN_DIRECT_OBJC_ISA_USAGE = YES_ERROR;
				CLANG_WARN_DOCUMENTATION_COMMENTS = YES;
				CLANG_WARN_EMPTY_BODY = YES;
				CLANG_WARN_ENUM_CONVERSION = YES;
				CLANG_WARN_INFINITE_RECURSION = YES;
				CLANG_WARN_INT_CONVERSION = YES;
				CLANG_WARN_OBJC_ROOT_CLASS = YES_ERROR;
				CLANG_WARN_SUSPICIOUS_MOVE = YES;
				CLANG_WARN_UNREACHABLE_CODE = YES;
				CLANG_WARN__DUPLICATE_METHOD_MATCH = YES;
				"CODE_SIGN_IDENTITY[sdk=iphoneos*]" = "iPhone Developer";
				COPY_PHASE_STRIP = NO;
				DEBUG_INFORMATION_FORMAT = dwarf;
				ENABLE_STRICT_OBJC_MSGSEND = YES;
				ENABLE_TESTABILITY = YES;
				GCC_C_LANGUAGE_STANDARD = gnu99;
				GCC_DYNAMIC_NO_PIC = NO;
				GCC_NO_COMMON_BLOCKS = YES;
				GCC_OPTIMIZATION_LEVEL = 0;
				GCC_PREPROCESSOR_DEFINITIONS = (
					"DEBUG=1",
					"$(inherited)",
				);
				GCC_WARN_64_TO_32_BIT_CONVERSION = YES;
				GCC_WARN_ABOUT_RETURN_TYPE = YES_ERROR;
				GCC_WARN_UNDECLARED_SELECTOR = YES;
				GCC_WARN_UNINITIALIZED_AUTOS = YES_AGGRESSIVE;
				GCC_WARN_UNUSED_FUNCTION = YES;
				GCC_WARN_UNUSED_VARIABLE = YES;
				IPHONEOS_DEPLOYMENT_TARGET = 9.0;
				MTL_ENABLE_DEBUG_INFO = YES;
				ONLY_ACTIVE_ARCH = YES;
				SDKROOT = iphoneos;
				SWIFT_ACTIVE_COMPILATION_CONDITIONS = DEBUG;
				SWIFT_OPTIMIZATION_LEVEL = "-Onone";
				TARGETED_DEVICE_FAMILY = "1,2";
			};
			name = Debug;
		};
		7127E1851E55B7B600D55EB0 /* Release */ = {
			isa = XCBuildConfiguration;
			buildSettings = {
				ALWAYS_SEARCH_USER_PATHS = NO;
				CLANG_ANALYZER_NONNULL = YES;
				CLANG_CXX_LANGUAGE_STANDARD = "gnu++0x";
				CLANG_CXX_LIBRARY = "libc++";
				CLANG_ENABLE_MODULES = YES;
				CLANG_ENABLE_OBJC_ARC = YES;
				CLANG_WARN_BOOL_CONVERSION = YES;
				CLANG_WARN_CONSTANT_CONVERSION = YES;
				CLANG_WARN_DIRECT_OBJC_ISA_USAGE = YES_ERROR;
				CLANG_WARN_DOCUMENTATION_COMMENTS = YES;
				CLANG_WARN_EMPTY_BODY = YES;
				CLANG_WARN_ENUM_CONVERSION = YES;
				CLANG_WARN_INFINITE_RECURSION = YES;
				CLANG_WARN_INT_CONVERSION = YES;
				CLANG_WARN_OBJC_ROOT_CLASS = YES_ERROR;
				CLANG_WARN_SUSPICIOUS_MOVE = YES;
				CLANG_WARN_UNREACHABLE_CODE = YES;
				CLANG_WARN__DUPLICATE_METHOD_MATCH = YES;
				"CODE_SIGN_IDENTITY[sdk=iphoneos*]" = "iPhone Developer";
				COPY_PHASE_STRIP = NO;
				DEBUG_INFORMATION_FORMAT = "dwarf-with-dsym";
				ENABLE_NS_ASSERTIONS = NO;
				ENABLE_STRICT_OBJC_MSGSEND = YES;
				GCC_C_LANGUAGE_STANDARD = gnu99;
				GCC_NO_COMMON_BLOCKS = YES;
				GCC_WARN_64_TO_32_BIT_CONVERSION = YES;
				GCC_WARN_ABOUT_RETURN_TYPE = YES_ERROR;
				GCC_WARN_UNDECLARED_SELECTOR = YES;
				GCC_WARN_UNINITIALIZED_AUTOS = YES_AGGRESSIVE;
				GCC_WARN_UNUSED_FUNCTION = YES;
				GCC_WARN_UNUSED_VARIABLE = YES;
				IPHONEOS_DEPLOYMENT_TARGET = 9.0;
				MTL_ENABLE_DEBUG_INFO = NO;
				SDKROOT = iphoneos;
				SWIFT_OPTIMIZATION_LEVEL = "-Owholemodule";
				TARGETED_DEVICE_FAMILY = "1,2";
				VALIDATE_PRODUCT = YES;
			};
			name = Release;
		};
		7127E1871E55B7B600D55EB0 /* Debug */ = {
			isa = XCBuildConfiguration;
			buildSettings = {
				ASSETCATALOG_COMPILER_APPICON_NAME = AppIcon;
				DEVELOPMENT_TEAM = YKSLKY2D83;
				INFOPLIST_FILE = "GeoFence FrameWork/Info.plist";
				IPHONEOS_DEPLOYMENT_TARGET = 9.0;
				LD_RUNPATH_SEARCH_PATHS = "$(inherited) @executable_path/Frameworks";
				PRODUCT_BUNDLE_IDENTIFIER = "com.ZeOwls.Nest.GeoFence-FrameWork";
				PRODUCT_NAME = "$(TARGET_NAME)";
				SWIFT_VERSION = 3.0;
			};
			name = Debug;
		};
		7127E1881E55B7B600D55EB0 /* Release */ = {
			isa = XCBuildConfiguration;
			buildSettings = {
				ASSETCATALOG_COMPILER_APPICON_NAME = AppIcon;
				DEVELOPMENT_TEAM = YKSLKY2D83;
				INFOPLIST_FILE = "GeoFence FrameWork/Info.plist";
				IPHONEOS_DEPLOYMENT_TARGET = 9.0;
				LD_RUNPATH_SEARCH_PATHS = "$(inherited) @executable_path/Frameworks";
				PRODUCT_BUNDLE_IDENTIFIER = "com.ZeOwls.Nest.GeoFence-FrameWork";
				PRODUCT_NAME = "$(TARGET_NAME)";
				SWIFT_VERSION = 3.0;
			};
			name = Release;
		};
		7127E18A1E55B7B600D55EB0 /* Debug */ = {
			isa = XCBuildConfiguration;
			buildSettings = {
				ALWAYS_EMBED_SWIFT_STANDARD_LIBRARIES = YES;
				BUNDLE_LOADER = "$(TEST_HOST)";
				INFOPLIST_FILE = "GeoFence FrameWorkTests/Info.plist";
				LD_RUNPATH_SEARCH_PATHS = "$(inherited) @executable_path/Frameworks @loader_path/Frameworks";
				PRODUCT_BUNDLE_IDENTIFIER = "com.ZeOwls.Nest.GeoFence-FrameWorkTests";
				PRODUCT_NAME = "$(TARGET_NAME)";
				SWIFT_VERSION = 3.0;
				TEST_HOST = "$(BUILT_PRODUCTS_DIR)/GeoFence FrameWork.app/GeoFence FrameWork";
			};
			name = Debug;
		};
		7127E18B1E55B7B600D55EB0 /* Release */ = {
			isa = XCBuildConfiguration;
			buildSettings = {
				ALWAYS_EMBED_SWIFT_STANDARD_LIBRARIES = YES;
				BUNDLE_LOADER = "$(TEST_HOST)";
				INFOPLIST_FILE = "GeoFence FrameWorkTests/Info.plist";
				LD_RUNPATH_SEARCH_PATHS = "$(inherited) @executable_path/Frameworks @loader_path/Frameworks";
				PRODUCT_BUNDLE_IDENTIFIER = "com.ZeOwls.Nest.GeoFence-FrameWorkTests";
				PRODUCT_NAME = "$(TARGET_NAME)";
				SWIFT_VERSION = 3.0;
				TEST_HOST = "$(BUILT_PRODUCTS_DIR)/GeoFence FrameWork.app/GeoFence FrameWork";
			};
			name = Release;
		};
/* End XCBuildConfiguration section */

/* Begin XCConfigurationList section */
		7127E1641E55B7B500D55EB0 /* Build configuration list for PBXProject "GeoFence FrameWork" */ = {
			isa = XCConfigurationList;
			buildConfigurations = (
				7127E1841E55B7B600D55EB0 /* Debug */,
				7127E1851E55B7B600D55EB0 /* Release */,
			);
			defaultConfigurationIsVisible = 0;
			defaultConfigurationName = Release;
		};
		7127E1861E55B7B600D55EB0 /* Build configuration list for PBXNativeTarget "GeoFence FrameWork" */ = {
			isa = XCConfigurationList;
			buildConfigurations = (
				7127E1871E55B7B600D55EB0 /* Debug */,
				7127E1881E55B7B600D55EB0 /* Release */,
			);
			defaultConfigurationIsVisible = 0;
			defaultConfigurationName = Release;
		};
		7127E1891E55B7B600D55EB0 /* Build configuration list for PBXNativeTarget "GeoFence FrameWorkTests" */ = {
			isa = XCConfigurationList;
			buildConfigurations = (
				7127E18A1E55B7B600D55EB0 /* Debug */,
				7127E18B1E55B7B600D55EB0 /* Release */,
			);
			defaultConfigurationIsVisible = 0;
			defaultConfigurationName = Release;
		};
/* End XCConfigurationList section */
	};
	rootObject = 7127E1611E55B7B500D55EB0 /* Project object */;
}
